
Microsoft Visual Studio Solution File, Format Version 12.00
# Visual Studio 15
VisualStudioVersion = 15.0.28307.1259
MinimumVisualStudioVersion = 10.0.40219.1
Project("{FAE04EC0-301F-11D3-BF4B-00C04F79EFBC}") = "Bakery", "Bakery\Bakery.csproj", "{4205FC74-3FD8-42C3-8B46-EA767E7D0399}"
EndProject
Global
	GlobalSection(SolutionConfigurationPlatforms) = preSolution
		Debug|Any CPU = Debug|Any CPU
		Release|Any CPU = Release|Any CPU
	EndGlobalSection
	GlobalSection(ProjectConfigurationPlatforms) = postSolution
		{4205FC74-3FD8-42C3-8B46-EA767E7D0399}.Debug|Any CPU.ActiveCfg = Debug|Any CPU
		{4205FC74-3FD8-42C3-8B46-EA767E7D0399}.Debug|Any CPU.Build.0 = Debug|Any CPU
		{4205FC74-3FD8-42C3-8B46-EA767E7D0399}.Release|Any CPU.ActiveCfg = Release|Any CPU
		{4205FC74-3FD8-42C3-8B46-EA767E7D0399}.Release|Any CPU.Build.0 = Release|Any CPU
	EndGlobalSection
	GlobalSection(SolutionProperties) = preSolution
		HideSolutionNode = FALSE
	EndGlobalSection
	GlobalSection(ExtensibilityGlobals) = postSolution
		SolutionGuid = {1D40C242-0FE8-4095-9E1E-D0EDB06EFF2A}
	EndGlobalSection
EndGlobal
